
Microsoft Visual Studio Solution File, Format Version 12.00
# Visual Studio Version 17
VisualStudioVersion = 17.0.31903.59
MinimumVisualStudioVersion = 10.0.40219.1
Project("{FAE04EC0-301F-11D3-BF4B-00C04F79EFBC}") = "CandidateTracker.Web", "CandidateTracker.Web\CandidateTracker.Web.csproj", "{406C75E7-7894-40A9-BAE5-8F27B455E7C0}"
EndProject
Project("{FAE04EC0-301F-11D3-BF4B-00C04F79EFBC}") = "CandidateTracker.Data", "CandidateTracker.Data\CandidateTracker.Data.csproj", "{949F7F3B-9096-404D-8145-FDA9C7B38FFE}"
EndProject
Global
	GlobalSection(SolutionConfigurationPlatforms) = preSolution
		Debug|Any CPU = Debug|Any CPU
		Release|Any CPU = Release|Any CPU
	EndGlobalSection
	GlobalSection(SolutionProperties) = preSolution
		HideSolutionNode = FALSE
	EndGlobalSection
	GlobalSection(ProjectConfigurationPlatforms) = postSolution
		{406C75E7-7894-40A9-BAE5-8F27B455E7C0}.Debug|Any CPU.ActiveCfg = Debug|Any CPU
		{406C75E7-7894-40A9-BAE5-8F27B455E7C0}.Debug|Any CPU.Build.0 = Debug|Any CPU
		{406C75E7-7894-40A9-BAE5-8F27B455E7C0}.Release|Any CPU.ActiveCfg = Release|Any CPU
		{406C75E7-7894-40A9-BAE5-8F27B455E7C0}.Release|Any CPU.Build.0 = Release|Any CPU
		{949F7F3B-9096-404D-8145-FDA9C7B38FFE}.Debug|Any CPU.ActiveCfg = Debug|Any CPU
		{949F7F3B-9096-404D-8145-FDA9C7B38FFE}.Debug|Any CPU.Build.0 = Debug|Any CPU
		{949F7F3B-9096-404D-8145-FDA9C7B38FFE}.Release|Any CPU.ActiveCfg = Release|Any CPU
		{949F7F3B-9096-404D-8145-FDA9C7B38FFE}.Release|Any CPU.Build.0 = Release|Any CPU
	EndGlobalSection
EndGlobal
